Microsoft Visual Studio Solution File, Format Version 12.00
# Visual Studio 15
VisualStudioVersion = 15.0.28307.489
MinimumVisualStudioVersion = 10.0.40219.1
Project("{FAE04EC0-301F-11D3-BF4B-00C04F79EFBC}") = "XFSampleApp.Android", "XFSampleApp.Android\XFSampleApp.Android.csproj", "{9928FEA4-C68C-4C65-8743-CBD70565372C}"
EndProject
Project("{FAE04EC0-301F-11D3-BF4B-00C04F79EFBC}") = "XFSampleApp.iOS", "XFSampleApp.iOS\XFSampleApp.iOS.csproj", "{0F014A20-4ACF-44B9-A374-7777990AD77A}"
EndProject
Project("{9A19103F-16F7-4668-BE54-9A1E7A4F7556}") = "XFSampleApp", "XFSampleApp\XFSampleApp.csproj", "{F8E57A24-74D6-4BA8-881C-94B6164DE526}"
EndProject
Project("{FAE04EC0-301F-11D3-BF4B-00C04F79EFBC}") = "XFSampleApp.macOS", "XFSampleApp.macOS\XFSampleApp.macOS.csproj", "{AA69AF2B-4B5F-47F7-BB25-A5A70D9EE6BD}"
EndProject
Global
	GlobalSection(SolutionConfigurationPlatforms) = preSolution
		Ad-Hoc|Any CPU = Ad-Hoc|Any CPU
		Ad-Hoc|iPhone = Ad-Hoc|iPhone
		Ad-Hoc|iPhoneSimulator = Ad-Hoc|iPhoneSimulator
		AppStore|Any CPU = AppStore|Any CPU
		AppStore|iPhone = AppStore|iPhone
		AppStore|iPhoneSimulator = AppStore|iPhoneSimulator
		Debug|Any CPU = Debug|Any CPU
		Debug|iPhone = Debug|iPhone
		Debug|iPhoneSimulator = Debug|iPhoneSimulator
		Release|Any CPU = Release|Any CPU
		Release|iPhone = Release|iPhone
		Release|iPhoneSimulator = Release|iPhoneSimulator
	EndGlobalSection
	GlobalSection(ProjectConfigurationPlatforms) = postSolution
		{9928FEA4-C68C-4C65-8743-CBD70565372C}.Ad-Hoc|Any CPU.ActiveCfg = Release|Any CPU
		{9928FEA4-C68C-4C65-8743-CBD70565372C}.Ad-Hoc|Any CPU.Build.0 = Release|Any CPU
		{9928FEA4-C68C-4C65-8743-CBD70565372C}.Ad-Hoc|Any CPU.Deploy.0 = Release|Any CPU
		{9928FEA4-C68C-4C65-8743-CBD70565372C}.Ad-Hoc|iPhone.ActiveCfg = Debug|Any CPU
		{9928FEA4-C68C-4C65-8743-CBD70565372C}.Ad-Hoc|iPhone.Build.0 = Debug|Any CPU
		{9928FEA4-C68C-4C65-8743-CBD70565372C}.Ad-Hoc|iPhoneSimulator.ActiveCfg = Release|Any CPU
		{9928FEA4-C68C-4C65-8743-CBD70565372C}.Ad-Hoc|iPhoneSimulator.Build.0 = Release|Any CPU
		{9928FEA4-C68C-4C65-8743-CBD70565372C}.Ad-Hoc|iPhoneSimulator.Deploy.0 = Release|Any CPU
		{9928FEA4-C68C-4C65-8743-CBD70565372C}.AppStore|Any CPU.ActiveCfg = Release|Any CPU
		{9928FEA4-C68C-4C65-8743-CBD70565372C}.AppStore|Any CPU.Build.0 = Release|Any CPU
		{9928FEA4-C68C-4C65-8743-CBD70565372C}.AppStore|Any CPU.Deploy.0 = Release|Any CPU
		{9928FEA4-C68C-4C65-8743-CBD70565372C}.AppStore|iPhone.ActiveCfg = Debug|Any CPU
		{9928FEA4-C68C-4C65-8743-CBD70565372C}.AppStore|iPhone.Build.0 = Debug|Any CPU
		{9928FEA4-C68C-4C65-8743-CBD70565372C}.AppStore|iPhoneSimulator.ActiveCfg = Release|Any CPU
		{9928FEA4-C68C-4C65-8743-CBD70565372C}.AppStore|iPhoneSimulator.Build.0 = Release|Any CPU
		{9928FEA4-C68C-4C65-8743-CBD70565372C}.AppStore|iPhoneSimulator.Deploy.0 = Release|Any CPU
		{9928FEA4-C68C-4C65-8743-CBD70565372C}.Debug|Any CPU.ActiveCfg = Debug|Any CPU
		{9928FEA4-C68C-4C65-8743-CBD70565372C}.Debug|Any CPU.Build.0 = Debug|Any CPU
		{9928FEA4-C68C-4C65-8743-CBD70565372C}.Debug|iPhone.ActiveCfg = Debug|Any CPU
		{9928FEA4-C68C-4C65-8743-CBD70565372C}.Debug|iPhone.Build.0 = Debug|Any CPU
		{9928FEA4-C68C-4C65-8743-CBD70565372C}.Debug|iPhoneSimulator.ActiveCfg = Debug|Any CPU
		{9928FEA4-C68C-4C65-8743-CBD70565372C}.Debug|iPhoneSimulator.Build.0 = Debug|Any CPU
		{9928FEA4-C68C-4C65-8743-CBD70565372C}.Release|Any CPU.ActiveCfg = Release|Any CPU
		{9928FEA4-C68C-4C65-8743-CBD70565372C}.Release|Any CPU.Build.0 = Release|Any CPU
		{9928FEA4-C68C-4C65-8743-CBD70565372C}.Release|iPhone.ActiveCfg = Release|Any CPU
		{9928FEA4-C68C-4C65-8743-CBD70565372C}.Release|iPhone.Build.0 = Release|Any CPU
		{9928FEA4-C68C-4C65-8743-CBD70565372C}.Release|iPhoneSimulator.ActiveCfg = Release|Any CPU
		{9928FEA4-C68C-4C65-8743-CBD70565372C}.Release|iPhoneSimulator.Build.0 = Release|Any CPU
		{0F014A20-4ACF-44B9-A374-7777990AD77A}.Ad-Hoc|Any CPU.ActiveCfg = Ad-Hoc|iPhoneSimulator
		{0F014A20-4ACF-44B9-A374-7777990AD77A}.Ad-Hoc|iPhone.ActiveCfg = Ad-Hoc|iPhone
		{0F014A20-4ACF-44B9-A374-7777990AD77A}.Ad-Hoc|iPhone.Build.0 = Ad-Hoc|iPhone
		{0F014A20-4ACF-44B9-A374-7777990AD77A}.Ad-Hoc|iPhoneSimulator.ActiveCfg = Ad-Hoc|iPhoneSimulator
		{0F014A20-4ACF-44B9-A374-7777990AD77A}.Ad-Hoc|iPhoneSimulator.Build.0 = Ad-Hoc|iPhoneSimulator
		{0F014A20-4ACF-44B9-A374-7777990AD77A}.AppStore|Any CPU.ActiveCfg = AppStore|iPhoneSimulator
		{0F014A20-4ACF-44B9-A374-7777990AD77A}.AppStore|iPhone.ActiveCfg = AppStore|iPhone
		{0F014A20-4ACF-44B9-A374-7777990AD77A}.AppStore|iPhone.Build.0 = AppStore|iPhone
		{0F014A20-4ACF-44B9-A374-7777990AD77A}.AppStore|iPhoneSimulator.ActiveCfg = AppStore|iPhoneSimulator
		{0F014A20-4ACF-44B9-A374-7777990AD77A}.AppStore|iPhoneSimulator.Build.0 = AppStore|iPhoneSimulator
		{0F014A20-4ACF-44B9-A374-7777990AD77A}.Debug|Any CPU.ActiveCfg = Debug|iPhoneSimulator
		{0F014A20-4ACF-44B9-A374-7777990AD77A}.Debug|Any CPU.Build.0 = Debug|iPhoneSimulator
		{0F014A20-4ACF-44B9-A374-7777990AD77A}.Debug|iPhone.ActiveCfg = Debug|iPhone
		{0F014A20-4ACF-44B9-A374-7777990AD77A}.Debug|iPhone.Build.0 = Debug|iPhone
		{0F014A20-4ACF-44B9-A374-7777990AD77A}.Debug|iPhoneSimulator.ActiveCfg = Debug|iPhoneSimulator
		{0F014A20-4ACF-44B9-A374-7777990AD77A}.Debug|iPhoneSimulator.Build.0 = Debug|iPhoneSimulator
		{0F014A20-4ACF-44B9-A374-7777990AD77A}.Release|Any CPU.ActiveCfg = Release|iPhoneSimulator
		{0F014A20-4ACF-44B9-A374-7777990AD77A}.Release|Any CPU.Build.0 = Release|iPhoneSimulator
		{0F014A20-4ACF-44B9-A374-7777990AD77A}.Release|iPhone.ActiveCfg = Release|iPhone
		{0F014A20-4ACF-44B9-A374-7777990AD77A}.Release|iPhone.Build.0 = Release|iPhone
		{0F014A20-4ACF-44B9-A374-7777990AD77A}.Release|iPhoneSimulator.ActiveCfg = Release|iPhoneSimulator
		{0F014A20-4ACF-44B9-A374-7777990AD77A}.Release|iPhoneSimulator.Build.0 = Release|iPhoneSimulator
		{F8E57A24-74D6-4BA8-881C-94B6164DE526}.Ad-Hoc|Any CPU.ActiveCfg = Release|Any CPU
		{F8E57A24-74D6-4BA8-881C-94B6164DE526}.Ad-Hoc|Any CPU.Build.0 = Release|Any CPU
		{F8E57A24-74D6-4BA8-881C-94B6164DE526}.Ad-Hoc|iPhone.ActiveCfg = Debug|Any CPU
		{F8E57A24-74D6-4BA8-881C-94B6164DE526}.Ad-Hoc|iPhone.Build.0 = Debug|Any CPU
		{F8E57A24-74D6-4BA8-881C-94B6164DE526}.Ad-Hoc|iPhoneSimulator.ActiveCfg = Release|Any CPU
		{F8E57A24-74D6-4BA8-881C-94B6164DE526}.Ad-Hoc|iPhoneSimulator.Build.0 = Release|Any CPU
		{F8E57A24-74D6-4BA8-881C-94B6164DE526}.AppStore|Any CPU.ActiveCfg = Release|Any CPU
		{F8E57A24-74D6-4BA8-881C-94B6164DE526}.AppStore|Any CPU.Build.0 = Release|Any CPU
		{F8E57A24-74D6-4BA8-881C-94B6164DE526}.AppStore|iPhone.ActiveCfg = Debug|Any CPU
		{F8E57A24-74D6-4BA8-881C-94B6164DE526}.AppStore|iPhone.Build.0 = Debug|Any CPU
		{F8E57A24-74D6-4BA8-881C-94B6164DE526}.AppStore|iPhoneSimulator.ActiveCfg = Release|Any CPU
		{F8E57A24-74D6-4BA8-881C-94B6164DE526}.AppStore|iPhoneSimulator.Build.0 = Release|Any CPU
		{F8E57A24-74D6-4BA8-881C-94B6164DE526}.Debug|Any CPU.ActiveCfg = Debug|Any CPU
		{F8E57A24-74D6-4BA8-881C-94B6164DE526}.Debug|Any CPU.Build.0 = Debug|Any CPU
		{F8E57A24-74D6-4BA8-881C-94B6164DE526}.Debug|iPhone.ActiveCfg = Debug|Any CPU
		{F8E57A24-74D6-4BA8-881C-94B6164DE526}.Debug|iPhone.Build.0 = Debug|Any CPU
		{F8E57A24-74D6-4BA8-881C-94B6164DE526}.Debug|iPhoneSimulator.ActiveCfg = Debug|Any CPU
		{F8E57A24-74D6-4BA8-881C-94B6164DE526}.Debug|iPhoneSimulator.Build.0 = Debug|Any CPU
		{F8E57A24-74D6-4BA8-881C-94B6164DE526}.Release|Any CPU.ActiveCfg = Release|Any CPU
		{F8E57A24-74D6-4BA8-881C-94B6164DE526}.Release|Any CPU.Build.0 = Release|Any CPU
		{F8E57A24-74D6-4BA8-881C-94B6164DE526}.Release|iPhone.ActiveCfg = Release|Any CPU
		{F8E57A24-74D6-4BA8-881C-94B6164DE526}.Release|iPhone.Build.0 = Release|Any CPU
		{F8E57A24-74D6-4BA8-881C-94B6164DE526}.Release|iPhoneSimulator.ActiveCfg = Release|Any CPU
		{F8E57A24-74D6-4BA8-881C-94B6164DE526}.Release|iPhoneSimulator.Build.0 = Release|Any CPU
		{AA69AF2B-4B5F-47F7-BB25-A5A70D9EE6BD}.Ad-Hoc|Any CPU.ActiveCfg = Release|Any CPU
		{AA69AF2B-4B5F-47F7-BB25-A5A70D9EE6BD}.Ad-Hoc|Any CPU.Build.0 = Release|Any CPU
		{AA69AF2B-4B5F-47F7-BB25-A5A70D9EE6BD}.Ad-Hoc|iPhone.ActiveCfg = Debug|Any CPU
		{AA69AF2B-4B5F-47F7-BB25-A5A70D9EE6BD}.Ad-Hoc|iPhone.Build.0 = Debug|Any CPU
		{AA69AF2B-4B5F-47F7-BB25-A5A70D9EE6BD}.Ad-Hoc|iPhoneSimulator.ActiveCfg = Release|Any CPU
		{AA69AF2B-4B5F-47F7-BB25-A5A70D9EE6BD}.Ad-Hoc|iPhoneSimulator.Build.0 = Release|Any CPU
		{AA69AF2B-4B5F-47F7-BB25-A5A70D9EE6BD}.AppStore|Any CPU.ActiveCfg = Release|Any CPU
		{AA69AF2B-4B5F-47F7-BB25-A5A70D9EE6BD}.AppStore|Any CPU.Build.0 = Release|Any CPU
		{AA69AF2B-4B5F-47F7-BB25-A5A70D9EE6BD}.AppStore|iPhone.ActiveCfg = Debug|Any CPU
		{AA69AF2B-4B5F-47F7-BB25-A5A70D9EE6BD}.AppStore|iPhone.Build.0 = Debug|Any CPU
		{AA69AF2B-4B5F-47F7-BB25-A5A70D9EE6BD}.AppStore|iPhoneSimulator.ActiveCfg = Release|Any CPU
		{AA69AF2B-4B5F-47F7-BB25-A5A70D9EE6BD}.AppStore|iPhoneSimulator.Build.0 = Release|Any CPU
		{AA69AF2B-4B5F-47F7-BB25-A5A70D9EE6BD}.Debug|Any CPU.ActiveCfg = Debug|Any CPU
		{AA69AF2B-4B5F-47F7-BB25-A5A70D9EE6BD}.Debug|Any CPU.Build.0 = Debug|Any CPU
		{AA69AF2B-4B5F-47F7-BB25-A5A70D9EE6BD}.Debug|iPhone.ActiveCfg = Debug|Any CPU
		{AA69AF2B-4B5F-47F7-BB25-A5A70D9EE6BD}.Debug|iPhone.Build.0 = Debug|Any CPU
		{AA69AF2B-4B5F-47F7-BB25-A5A70D9EE6BD}.Debug|iPhoneSimulator.ActiveCfg = Debug|Any CPU
		{AA69AF2B-4B5F-47F7-BB25-A5A70D9EE6BD}.Debug|iPhoneSimulator.Build.0 = Debug|Any CPU
		{AA69AF2B-4B5F-47F7-BB25-A5A70D9EE6BD}.Release|Any CPU.ActiveCfg = Release|Any CPU
		{AA69AF2B-4B5F-47F7-BB25-A5A70D9EE6BD}.Release|Any CPU.Build.0 = Release|Any CPU
		{AA69AF2B-4B5F-47F7-BB25-A5A70D9EE6BD}.Release|iPhone.ActiveCfg = Release|Any CPU
		{AA69AF2B-4B5F-47F7-BB25-A5A70D9EE6BD}.Release|iPhone.Build.0 = Release|Any CPU
		{AA69AF2B-4B5F-47F7-BB25-A5A70D9EE6BD}.Release|iPhoneSimulator.ActiveCfg = Release|Any CPU
		{AA69AF2B-4B5F-47F7-BB25-A5A70D9EE6BD}.Release|iPhoneSimulator.Build.0 = Release|Any CPU
	EndGlobalSection
	GlobalSection(SolutionProperties) = preSolution
		HideSolutionNode = FALSE
	EndGlobalSection
	GlobalSection(ExtensibilityGlobals) = postSolution
		SolutionGuid = {0138DB20-9FF3-425E-88C1-8F8AADE539A3}
	EndGlobalSection
EndGlobal
